<?xml version="1.0" encoding="utf-8"?>
<Project ToolsVersion="14.0" xmlns="http://schemas.microsoft.com/developer/msbuild/2003">
  <ItemGroup>
    <Filter Include="Resource Files">
      <UniqueIdentifier>{67DA6AB6-F800-4c08-8B7A-83BB121AAD01}</UniqueIdentifier>
      <Extensions>rc;ico;cur;bmp;dlg;rc2;rct;bin;rgs;gif;jpg;jpeg;jpe;resx;tga;tiff;tif;png;wav;mfcribbon-ms</Extensions>
    </Filter>
    <Filter Include="Public">
      <UniqueIdentifier>{aba434c8-c3e7-4f4c-9c69-a0b94d166d61}</UniqueIdentifier>
    </Filter>
    <Filter Include="Private">
      <UniqueIdentifier>{f9f86915-721e-4c0a-a4c1-28b7a3ef51bd}</UniqueIdentifier>
    </Filter>
  </ItemGroup>
  <ItemGroup>
    <ClInclude Include="Public\Common.h">
      <Filter>Public</Filter>
    </ClInclude>
    <ClInclude Include="Private\targetver.h">
      <Filter>Private</Filter>
    </ClInclude>
    <ClInclude Include="Public\MoREApp.h">
      <Filter>Public</Filter>
    </ClInclude>
    <ClInclude Include="Public\Platform.h">
      <Filter>Public</Filter>
    </ClInclude>
  </ItemGroup>
  <ItemGroup>
    <ClCompile Include="Private\Common.cpp">
      <Filter>Private</Filter>
    </ClCompile>
    <ClCompile Include="Private\MoREApp.cpp">
      <Filter>Private</Filter>
    </ClCompile>
  </ItemGroup>
  <ItemGroup>
    <None Include="PropertySheet.props" />
  </ItemGroup>
</Project>